// !$*UTF8*$!
{
	archiveVersion = 1;
	classes = {
	};
	objectVersion = 50;
	objects = {

/* Begin PBXBuildFile section */
		C51919F72593958700C25540 /* StationsViewModel.swift in Sources */ = {isa = PBXBuildFile; fileRef = C51919F62593958700C25540 /* StationsViewModel.swift */; };
		C5191A002593968300C25540 /* Spinner.swift in Sources */ = {isa = PBXBuildFile; fileRef = C51919FF2593968300C25540 /* Spinner.swift */; };
		C539049F2592928200A7856B /* AppDelegate.swift in Sources */ = {isa = PBXBuildFile; fileRef = C539049E2592928200A7856B /* AppDelegate.swift */; };
		C53904A12592928200A7856B /* SceneDelegate.swift in Sources */ = {isa = PBXBuildFile; fileRef = C53904A02592928200A7856B /* SceneDelegate.swift */; };
		C53904A92592928200A7856B /* d63181fffacf7f55df742aa964ab9a35.xcdatamodeld in Sources */ = {isa = PBXBuildFile; fileRef = C53904A72592928200A7856B /* d63181fffacf7f55df742aa964ab9a35.xcdatamodeld */; };
		C53904AB2592928400A7856B /* Assets.xcassets in Resources */ = {isa = PBXBuildFile; fileRef = C53904AA2592928400A7856B /* Assets.xcassets */; };
		C53904AE2592928400A7856B /* LaunchScreen.storyboard in Resources */ = {isa = PBXBuildFile; fileRef = C53904AC2592928400A7856B /* LaunchScreen.storyboard */; };
		C53904C1259296A600A7856B /* ControllerKeys.swift in Sources */ = {isa = PBXBuildFile; fileRef = C53904C0259296A600A7856B /* ControllerKeys.swift */; };
		C53904C4259296B500A7856B /* ControllerFactory.swift in Sources */ = {isa = PBXBuildFile; fileRef = C53904C3259296B500A7856B /* ControllerFactory.swift */; };
		C53904C7259296BC00A7856B /* Coordinator.swift in Sources */ = {isa = PBXBuildFile; fileRef = C53904C6259296BC00A7856B /* Coordinator.swift */; };
		C53904CA259296C300A7856B /* NavigationManager.swift in Sources */ = {isa = PBXBuildFile; fileRef = C53904C9259296C300A7856B /* NavigationManager.swift */; };
		C53904CD259296EE00A7856B /* UIViewController+Extension.swift in Sources */ = {isa = PBXBuildFile; fileRef = C53904CC259296EE00A7856B /* UIViewController+Extension.swift */; };
		C53904D0259296FD00A7856B /* UINavigationController+Extension.swift in Sources */ = {isa = PBXBuildFile; fileRef = C53904CF259296FD00A7856B /* UINavigationController+Extension.swift */; };
		C53904DD259297C500A7856B /* MainTabbarViewController.swift in Sources */ = {isa = PBXBuildFile; fileRef = C53904DB259297C500A7856B /* MainTabbarViewController.swift */; };
		C53904E725929B9600A7856B /* SplashViewController.swift in Sources */ = {isa = PBXBuildFile; fileRef = C53904E525929B9600A7856B /* SplashViewController.swift */; };
		C53904E825929B9600A7856B /* SplashViewController.xib in Resources */ = {isa = PBXBuildFile; fileRef = C53904E625929B9600A7856B /* SplashViewController.xib */; };
		C53904EB25929BC200A7856B /* BaseVC.swift in Sources */ = {isa = PBXBuildFile; fileRef = C53904EA25929BC200A7856B /* BaseVC.swift */; };
		C53904EE25929BCE00A7856B /* BaseVM.swift in Sources */ = {isa = PBXBuildFile; fileRef = C53904ED25929BCE00A7856B /* BaseVM.swift */; };
		C53904F125929BD900A7856B /* BaseTableViewCell.swift in Sources */ = {isa = PBXBuildFile; fileRef = C53904F025929BD900A7856B /* BaseTableViewCell.swift */; };
		C53904F425929BF900A7856B /* BaseCollectionViewCell.swift in Sources */ = {isa = PBXBuildFile; fileRef = C53904F325929BF900A7856B /* BaseCollectionViewCell.swift */; };
		C53904F925929C5C00A7856B /* AlertBuilder.swift in Sources */ = {isa = PBXBuildFile; fileRef = C53904F825929C5C00A7856B /* AlertBuilder.swift */; };
		C57FA81B2593A7ED00815E32 /* StationsCollectionViewCell.swift in Sources */ = {isa = PBXBuildFile; fileRef = C57FA8192593A7ED00815E32 /* StationsCollectionViewCell.swift */; };
		C57FA81C2593A7ED00815E32 /* StationsCollectionViewCell.xib in Resources */ = {isa = PBXBuildFile; fileRef = C57FA81A2593A7ED00815E32 /* StationsCollectionViewCell.xib */; };
		C57FA8232593A8B900815E32 /* StationsCollectionCellViewModel.swift in Sources */ = {isa = PBXBuildFile; fileRef = C57FA8222593A8B900815E32 /* StationsCollectionCellViewModel.swift */; };
		C57FA8272593AEE700815E32 /* PagingCollectionViewLayout.swift in Sources */ = {isa = PBXBuildFile; fileRef = C57FA8262593AEE700815E32 /* PagingCollectionViewLayout.swift */; };
		C57FA82B2593B04800815E32 /* UIView+Extension.swift in Sources */ = {isa = PBXBuildFile; fileRef = C57FA82A2593B04800815E32 /* UIView+Extension.swift */; };
		C57FA8402593C96D00815E32 /* NetworkingTest.swift in Sources */ = {isa = PBXBuildFile; fileRef = C57FA83F2593C96D00815E32 /* NetworkingTest.swift */; };
		C57FA8462593C9AA00815E32 /* StationsModelTest.swift in Sources */ = {isa = PBXBuildFile; fileRef = C57FA8452593C9AA00815E32 /* StationsModelTest.swift */; };
		C5BFAFD2259345B200EE7F00 /* d63181fffacf7f55df742aa964ab9a35Tests.swift in Sources */ = {isa = PBXBuildFile; fileRef = C5BFAFD1259345B200EE7F00 /* d63181fffacf7f55df742aa964ab9a35Tests.swift */; };
		C5BFB0E5259365D100EE7F00 /* StationsViewController.swift in Sources */ = {isa = PBXBuildFile; fileRef = C5BFB0E3259365D100EE7F00 /* StationsViewController.swift */; };
		C5BFB0E6259365D100EE7F00 /* StationsViewController.xib in Resources */ = {isa = PBXBuildFile; fileRef = C5BFB0E4259365D100EE7F00 /* StationsViewController.xib */; };
		C5BFB0ED2593662000EE7F00 /* EndPoints.swift in Sources */ = {isa = PBXBuildFile; fileRef = C5BFB0EC2593662000EE7F00 /* EndPoints.swift */; };
		C5BFB0F32593663700EE7F00 /* NetworkManager.swift in Sources */ = {isa = PBXBuildFile; fileRef = C5BFB0F22593663700EE7F00 /* NetworkManager.swift */; };
		C5BFB0F72593664300EE7F00 /* EndPointType.swift in Sources */ = {isa = PBXBuildFile; fileRef = C5BFB0F62593664300EE7F00 /* EndPointType.swift */; };
		C5BFB0FB2593664E00EE7F00 /* Router.swift in Sources */ = {isa = PBXBuildFile; fileRef = C5BFB0FA2593664E00EE7F00 /* Router.swift */; };
		C5BFB0FF2593665900EE7F00 /* HTTPMethod.swift in Sources */ = {isa = PBXBuildFile; fileRef = C5BFB0FE2593665900EE7F00 /* HTTPMethod.swift */; };
		C5BFB1032593666400EE7F00 /* HTTPTask.swift in Sources */ = {isa = PBXBuildFile; fileRef = C5BFB1022593666400EE7F00 /* HTTPTask.swift */; };
		C5BFB1072593666E00EE7F00 /* NetworkLogger.swift in Sources */ = {isa = PBXBuildFile; fileRef = C5BFB1062593666E00EE7F00 /* NetworkLogger.swift */; };
		C5BFB10B2593667A00EE7F00 /* ParameterEncoding.swift in Sources */ = {isa = PBXBuildFile; fileRef = C5BFB10A2593667A00EE7F00 /* ParameterEncoding.swift */; };
		C5BFB10F2593668700EE7F00 /* URLParameterEncoding.swift in Sources */ = {isa = PBXBuildFile; fileRef = C5BFB10E2593668700EE7F00 /* URLParameterEncoding.swift */; };
		C5BFB1132593669300EE7F00 /* JSONParameterEncoder.swift in Sources */ = {isa = PBXBuildFile; fileRef = C5BFB1122593669300EE7F00 /* JSONParameterEncoder.swift */; };
		C5BFB1432593682200EE7F00 /* ThreadHelper.swift in Sources */ = {isa = PBXBuildFile; fileRef = C5BFB12F2593682000EE7F00 /* ThreadHelper.swift */; };
		C5BFB1442593682200EE7F00 /* UIButton+Kingfisher.swift in Sources */ = {isa = PBXBuildFile; fileRef = C5BFB1312593682000EE7F00 /* UIButton+Kingfisher.swift */; };
		C5BFB1452593682200EE7F00 /* Box.swift in Sources */ = {isa = PBXBuildFile; fileRef = C5BFB1342593682100EE7F00 /* Box.swift */; };
		C5BFB1462593682200EE7F00 /* ImagePrefetcher.swift in Sources */ = {isa = PBXBuildFile; fileRef = C5BFB13B2593682100EE7F00 /* ImagePrefetcher.swift */; };
		C5BFB1472593682200EE7F00 /* Kingfisher.swift in Sources */ = {isa = PBXBuildFile; fileRef = C5BFB1362593682100EE7F00 /* Kingfisher.swift */; };
		C5BFB1482593682200EE7F00 /* KingfisherManager.swift in Sources */ = {isa = PBXBuildFile; fileRef = C5BFB13C2593682100EE7F00 /* KingfisherManager.swift */; };
		C5BFB1492593682200EE7F00 /* ImageProcessor.swift in Sources */ = {isa = PBXBuildFile; fileRef = C5BFB1402593682200EE7F00 /* ImageProcessor.swift */; };
		C5BFB14A2593682200EE7F00 /* Indicator.swift in Sources */ = {isa = PBXBuildFile; fileRef = C5BFB13F2593682200EE7F00 /* Indicator.swift */; };
		C5BFB14B2593682200EE7F00 /* RequestModifier.swift in Sources */ = {isa = PBXBuildFile; fileRef = C5BFB13A2593682100EE7F00 /* RequestModifier.swift */; };
		C5BFB14C2593682200EE7F00 /* ImageDownloader.swift in Sources */ = {isa = PBXBuildFile; fileRef = C5BFB1382593682100EE7F00 /* ImageDownloader.swift */; };
		C5BFB14D2593682200EE7F00 /* String+MD5.swift in Sources */ = {isa = PBXBuildFile; fileRef = C5BFB13D2593682200EE7F00 /* String+MD5.swift */; };
		C5BFB14E2593682200EE7F00 /* ImageCache.swift in Sources */ = {isa = PBXBuildFile; fileRef = C5BFB1322593682100EE7F00 /* ImageCache.swift */; };
		C5BFB14F2593682200EE7F00 /* ImageView+Kingfisher.swift in Sources */ = {isa = PBXBuildFile; fileRef = C5BFB1372593682100EE7F00 /* ImageView+Kingfisher.swift */; };
		C5BFB1502593682200EE7F00 /* ImageTransition.swift in Sources */ = {isa = PBXBuildFile; fileRef = C5BFB1302593682000EE7F00 /* ImageTransition.swift */; };
		C5BFB1512593682200EE7F00 /* Placeholder.swift in Sources */ = {isa = PBXBuildFile; fileRef = C5BFB12D2593682000EE7F00 /* Placeholder.swift */; };
		C5BFB1522593682200EE7F00 /* AnimatedImageView.swift in Sources */ = {isa = PBXBuildFile; fileRef = C5BFB12C2593682000EE7F00 /* AnimatedImageView.swift */; };
		C5BFB1532593682200EE7F00 /* FormatIndicatedCacheSerializer.swift in Sources */ = {isa = PBXBuildFile; fileRef = C5BFB1332593682100EE7F00 /* FormatIndicatedCacheSerializer.swift */; };
		C5BFB1542593682200EE7F00 /* KingfisherOptionsInfo.swift in Sources */ = {isa = PBXBuildFile; fileRef = C5BFB12E2593682000EE7F00 /* KingfisherOptionsInfo.swift */; };
		C5BFB1552593682200EE7F00 /* Resource.swift in Sources */ = {isa = PBXBuildFile; fileRef = C5BFB1352593682100EE7F00 /* Resource.swift */; };
		C5BFB1562593682200EE7F00 /* Image.swift in Sources */ = {isa = PBXBuildFile; fileRef = C5BFB1412593682200EE7F00 /* Image.swift */; };
		C5BFB1572593682200EE7F00 /* ImageModifier.swift in Sources */ = {isa = PBXBuildFile; fileRef = C5BFB13E2593682200EE7F00 /* ImageModifier.swift */; };
		C5BFB1582593682200EE7F00 /* Filter.swift in Sources */ = {isa = PBXBuildFile; fileRef = C5BFB1422593682200EE7F00 /* Filter.swift */; };
		C5BFB1592593682200EE7F00 /* CacheSerializer.swift in Sources */ = {isa = PBXBuildFile; fileRef = C5BFB1392593682100EE7F00 /* CacheSerializer.swift */; };
		C5BFB1642593696600EE7F00 /* Stations.swift in Sources */ = {isa = PBXBuildFile; fileRef = C5BFB1632593696600EE7F00 /* Stations.swift */; };
		C5BFB16825936A6F00EE7F00 /* Reachability.swift in Sources */ = {isa = PBXBuildFile; fileRef = C5BFB16725936A6F00EE7F00 /* Reachability.swift */; };
		C5BFB17125936D2400EE7F00 /* StationsRequest.swift in Sources */ = {isa = PBXBuildFile; fileRef = C5BFB17025936D2400EE7F00 /* StationsRequest.swift */; };
		C5BFB17B2593734200EE7F00 /* HelperFunction.swift in Sources */ = {isa = PBXBuildFile; fileRef = C5BFB17A2593734200EE7F00 /* HelperFunction.swift */; };
		C5BFB1832593739800EE7F00 /* BaseView.swift in Sources */ = {isa = PBXBuildFile; fileRef = C5BFB1822593739800EE7F00 /* BaseView.swift */; };
		C5BFB187259373DB00EE7F00 /* Disposable.swift in Sources */ = {isa = PBXBuildFile; fileRef = C5BFB186259373DB00EE7F00 /* Disposable.swift */; };
		C5BFB18B259373E700EE7F00 /* Observable.swift in Sources */ = {isa = PBXBuildFile; fileRef = C5BFB18A259373E700EE7F00 /* Observable.swift */; };
		C5BFB18F259373FB00EE7F00 /* State.swift in Sources */ = {isa = PBXBuildFile; fileRef = C5BFB18E259373FB00EE7F00 /* State.swift */; };
		C5BFB198259374EC00EE7F00 /* FavesViewController.swift in Sources */ = {isa = PBXBuildFile; fileRef = C5BFB196259374EC00EE7F00 /* FavesViewController.swift */; };
		C5BFB199259374EC00EE7F00 /* FavesViewController.xib in Resources */ = {isa = PBXBuildFile; fileRef = C5BFB197259374EC00EE7F00 /* FavesViewController.xib */; };
		C5BFB19D25937D6600EE7F00 /* CALayer+Extension.swift in Sources */ = {isa = PBXBuildFile; fileRef = C5BFB19C25937D6600EE7F00 /* CALayer+Extension.swift */; };
		C5BFB1A125937DAB00EE7F00 /* UIColor+Extension.swift in Sources */ = {isa = PBXBuildFile; fileRef = C5BFB1A025937DAB00EE7F00 /* UIColor+Extension.swift */; };
		C5BFB1A525937DCE00EE7F00 /* Optional+Extension.swift in Sources */ = {isa = PBXBuildFile; fileRef = C5BFB1A425937DCE00EE7F00 /* Optional+Extension.swift */; };
		C5F38C6725929E830065C60D /* AppConstants.swift in Sources */ = {isa = PBXBuildFile; fileRef = C5F38C6625929E830065C60D /* AppConstants.swift */; };
/* End PBXBuildFile section */

/* Begin PBXContainerItemProxy section */
		C5BFAFD4259345B200EE7F00 /* PBXContainerItemProxy */ = {
			isa = PBXContainerItemProxy;
			containerPortal = C53904932592928200A7856B /* Project object */;
			proxyType = 1;
			remoteGlobalIDString = C539049A2592928200A7856B;
			remoteInfo = d63181fffacf7f55df742aa964ab9a35;
		};
/* End PBXContainerItemProxy section */

/* Begin PBXFileReference section */
		C51919F62593958700C25540 /* StationsViewModel.swift */ = {isa = PBXFileReference; lastKnownFileType = sourcecode.swift; path = StationsViewModel.swift; sourceTree = "<group>"; };
		C51919FF2593968300C25540 /* Spinner.swift */ = {isa = PBXFileReference; lastKnownFileType = sourcecode.swift; path = Spinner.swift; sourceTree = "<group>"; };
		C539049B2592928200A7856B /* d63181fffacf7f55df742aa964ab9a35.app */ = {isa = PBXFileReference; explicitFileType = wrapper.application; includeInIndex = 0; path = d63181fffacf7f55df742aa964ab9a35.app; sourceTree = BUILT_PRODUCTS_DIR; };
		C539049E2592928200A7856B /* AppDelegate.swift */ = {isa = PBXFileReference; lastKnownFileType = sourcecode.swift; path = AppDelegate.swift; sourceTree = "<group>"; };
		C53904A02592928200A7856B /* SceneDelegate.swift */ = {isa = PBXFileReference; lastKnownFileType = sourcecode.swift; path = SceneDelegate.swift; sourceTree = "<group>"; };
		C53904A82592928200A7856B /* d63181fffacf7f55df742aa964ab9a35.xcdatamodel */ = {isa = PBXFileReference; lastKnownFileType = wrapper.xcdatamodel; path = d63181fffacf7f55df742aa964ab9a35.xcdatamodel; sourceTree = "<group>"; };
		C53904AA2592928400A7856B /* Assets.xcassets */ = {isa = PBXFileReference; lastKnownFileType = folder.assetcatalog; path = Assets.xcassets; sourceTree = "<group>"; };
		C53904AD2592928400A7856B /* Base */ = {isa = PBXFileReference; lastKnownFileType = file.storyboard; name = Base; path = Base.lproj/LaunchScreen.storyboard; sourceTree = "<group>"; };
		C53904AF2592928400A7856B /* Info.plist */ = {isa = PBXFileReference; lastKnownFileType = text.plist.xml; path = Info.plist; sourceTree = "<group>"; };
		C53904C0259296A600A7856B /* ControllerKeys.swift */ = {isa = PBXFileReference; lastKnownFileType = sourcecode.swift; path = ControllerKeys.swift; sourceTree = "<group>"; };
		C53904C3259296B500A7856B /* ControllerFactory.swift */ = {isa = PBXFileReference; lastKnownFileType = sourcecode.swift; path = ControllerFactory.swift; sourceTree = "<group>"; };
		C53904C6259296BC00A7856B /* Coordinator.swift */ = {isa = PBXFileReference; lastKnownFileType = sourcecode.swift; path = Coordinator.swift; sourceTree = "<group>"; };
		C53904C9259296C300A7856B /* NavigationManager.swift */ = {isa = PBXFileReference; lastKnownFileType = sourcecode.swift; path = NavigationManager.swift; sourceTree = "<group>"; };
		C53904CC259296EE00A7856B /* UIViewController+Extension.swift */ = {isa = PBXFileReference; lastKnownFileType = sourcecode.swift; path = "UIViewController+Extension.swift"; sourceTree = "<group>"; };
		C53904CF259296FD00A7856B /* UINavigationController+Extension.swift */ = {isa = PBXFileReference; lastKnownFileType = sourcecode.swift; path = "UINavigationController+Extension.swift"; sourceTree = "<group>"; };
		C53904DB259297C500A7856B /* MainTabbarViewController.swift */ = {isa = PBXFileReference; lastKnownFileType = sourcecode.swift; path = MainTabbarViewController.swift; sourceTree = "<group>"; };
		C53904E525929B9600A7856B /* SplashViewController.swift */ = {isa = PBXFileReference; lastKnownFileType = sourcecode.swift; path = SplashViewController.swift; sourceTree = "<group>"; };
		C53904E625929B9600A7856B /* SplashViewController.xib */ = {isa = PBXFileReference; lastKnownFileType = file.xib; path = SplashViewController.xib; sourceTree = "<group>"; };
		C53904EA25929BC200A7856B /* BaseVC.swift */ = {isa = PBXFileReference; lastKnownFileType = sourcecode.swift; path = BaseVC.swift; sourceTree = "<group>"; };
		C53904ED25929BCE00A7856B /* BaseVM.swift */ = {isa = PBXFileReference; lastKnownFileType = sourcecode.swift; path = BaseVM.swift; sourceTree = "<group>"; };
		C53904F025929BD900A7856B /* BaseTableViewCell.swift */ = {isa = PBXFileReference; lastKnownFileType = sourcecode.swift; path = BaseTableViewCell.swift; sourceTree = "<group>"; };
		C53904F325929BF900A7856B /* BaseCollectionViewCell.swift */ = {isa = PBXFileReference; lastKnownFileType = sourcecode.swift; path = BaseCollectionViewCell.swift; sourceTree = "<group>"; };
		C53904F825929C5C00A7856B /* AlertBuilder.swift */ = {isa = PBXFileReference; lastKnownFileType = sourcecode.swift; path = AlertBuilder.swift; sourceTree = "<group>"; };
		C57FA8192593A7ED00815E32 /* StationsCollectionViewCell.swift */ = {isa = PBXFileReference; lastKnownFileType = sourcecode.swift; path = StationsCollectionViewCell.swift; sourceTree = "<group>"; };
		C57FA81A2593A7ED00815E32 /* StationsCollectionViewCell.xib */ = {isa = PBXFileReference; lastKnownFileType = file.xib; path = StationsCollectionViewCell.xib; sourceTree = "<group>"; };
		C57FA8222593A8B900815E32 /* StationsCollectionCellViewModel.swift */ = {isa = PBXFileReference; lastKnownFileType = sourcecode.swift; path = StationsCollectionCellViewModel.swift; sourceTree = "<group>"; };
		C57FA8262593AEE700815E32 /* PagingCollectionViewLayout.swift */ = {isa = PBXFileReference; lastKnownFileType = sourcecode.swift; path = PagingCollectionViewLayout.swift; sourceTree = "<group>"; };
		C57FA82A2593B04800815E32 /* UIView+Extension.swift */ = {isa = PBXFileReference; lastKnownFileType = sourcecode.swift; path = "UIView+Extension.swift"; sourceTree = "<group>"; };
		C57FA83F2593C96D00815E32 /* NetworkingTest.swift */ = {isa = PBXFileReference; lastKnownFileType = sourcecode.swift; path = NetworkingTest.swift; sourceTree = "<group>"; };
		C57FA8452593C9AA00815E32 /* StationsModelTest.swift */ = {isa = PBXFileReference; lastKnownFileType = sourcecode.swift; path = StationsModelTest.swift; sourceTree = "<group>"; };
		C5BFAFCF259345B200EE7F00 /* d63181fffacf7f55df742aa964ab9a35Tests.xctest */ = {isa = PBXFileReference; explicitFileType = wrapper.cfbundle; includeInIndex = 0; path = d63181fffacf7f55df742aa964ab9a35Tests.xctest; sourceTree = BUILT_PRODUCTS_DIR; };
		C5BFAFD1259345B200EE7F00 /* d63181fffacf7f55df742aa964ab9a35Tests.swift */ = {isa = PBXFileReference; lastKnownFileType = sourcecode.swift; path = d63181fffacf7f55df742aa964ab9a35Tests.swift; sourceTree = "<group>"; };
		C5BFAFD3259345B200EE7F00 /* Info.plist */ = {isa = PBXFileReference; lastKnownFileType = text.plist.xml; path = Info.plist; sourceTree = "<group>"; };
		C5BFB0E3259365D100EE7F00 /* StationsViewController.swift */ = {isa = PBXFileReference; lastKnownFileType = sourcecode.swift; path = StationsViewController.swift; sourceTree = "<group>"; };
		C5BFB0E4259365D100EE7F00 /* StationsViewController.xib */ = {isa = PBXFileReference; lastKnownFileType = file.xib; path = StationsViewController.xib; sourceTree = "<group>"; };
		C5BFB0EC2593662000EE7F00 /* EndPoints.swift */ = {isa = PBXFileReference; lastKnownFileType = sourcecode.swift; path = EndPoints.swift; sourceTree = "<group>"; };
		C5BFB0F22593663700EE7F00 /* NetworkManager.swift */ = {isa = PBXFileReference; lastKnownFileType = sourcecode.swift; path = NetworkManager.swift; sourceTree = "<group>"; };
		C5BFB0F62593664300EE7F00 /* EndPointType.swift */ = {isa = PBXFileReference; lastKnownFileType = sourcecode.swift; path = EndPointType.swift; sourceTree = "<group>"; };
		C5BFB0FA2593664E00EE7F00 /* Router.swift */ = {isa = PBXFileReference; lastKnownFileType = sourcecode.swift; path = Router.swift; sourceTree = "<group>"; };
		C5BFB0FE2593665900EE7F00 /* HTTPMethod.swift */ = {isa = PBXFileReference; lastKnownFileType = sourcecode.swift; path = HTTPMethod.swift; sourceTree = "<group>"; };
		C5BFB1022593666400EE7F00 /* HTTPTask.swift */ = {isa = PBXFileReference; lastKnownFileType = sourcecode.swift; path = HTTPTask.swift; sourceTree = "<group>"; };
		C5BFB1062593666E00EE7F00 /* NetworkLogger.swift */ = {isa = PBXFileReference; lastKnownFileType = sourcecode.swift; path = NetworkLogger.swift; sourceTree = "<group>"; };
		C5BFB10A2593667A00EE7F00 /* ParameterEncoding.swift */ = {isa = PBXFileReference; lastKnownFileType = sourcecode.swift; path = ParameterEncoding.swift; sourceTree = "<group>"; };
		C5BFB10E2593668700EE7F00 /* URLParameterEncoding.swift */ = {isa = PBXFileReference; lastKnownFileType = sourcecode.swift; path = URLParameterEncoding.swift; sourceTree = "<group>"; };
		C5BFB1122593669300EE7F00 /* JSONParameterEncoder.swift */ = {isa = PBXFileReference; lastKnownFileType = sourcecode.swift; path = JSONParameterEncoder.swift; sourceTree = "<group>"; };
		C5BFB12C2593682000EE7F00 /* AnimatedImageView.swift */ = {isa = PBXFileReference; lastKnownFileType = sourcecode.swift; path = AnimatedImageView.swift; sourceTree = "<group>"; };
		C5BFB12D2593682000EE7F00 /* Placeholder.swift */ = {isa = PBXFileReference; lastKnownFileType = sourcecode.swift; path = Placeholder.swift; sourceTree = "<group>"; };
		C5BFB12E2593682000EE7F00 /* KingfisherOptionsInfo.swift */ = {isa = PBXFileReference; lastKnownFileType = sourcecode.swift; path = KingfisherOptionsInfo.swift; sourceTree = "<group>"; };
		C5BFB12F2593682000EE7F00 /* ThreadHelper.swift */ = {isa = PBXFileReference; lastKnownFileType = sourcecode.swift; path = ThreadHelper.swift; sourceTree = "<group>"; };
		C5BFB1302593682000EE7F00 /* ImageTransition.swift */ = {isa = PBXFileReference; lastKnownFileType = sourcecode.swift; path = ImageTransition.swift; sourceTree = "<group>"; };
		C5BFB1312593682000EE7F00 /* UIButton+Kingfisher.swift */ = {isa = PBXFileReference; lastKnownFileType = sourcecode.swift; path = "UIButton+Kingfisher.swift"; sourceTree = "<group>"; };
		C5BFB1322593682100EE7F00 /* ImageCache.swift */ = {isa = PBXFileReference; lastKnownFileType = sourcecode.swift; path = ImageCache.swift; sourceTree = "<group>"; };
		C5BFB1332593682100EE7F00 /* FormatIndicatedCacheSerializer.swift */ = {isa = PBXFileReference; lastKnownFileType = sourcecode.swift; path = FormatIndicatedCacheSerializer.swift; sourceTree = "<group>"; };
		C5BFB1342593682100EE7F00 /* Box.swift */ = {isa = PBXFileReference; lastKnownFileType = sourcecode.swift; path = Box.swift; sourceTree = "<group>"; };
		C5BFB1352593682100EE7F00 /* Resource.swift */ = {isa = PBXFileReference; lastKnownFileType = sourcecode.swift; path = Resource.swift; sourceTree = "<group>"; };
		C5BFB1362593682100EE7F00 /* Kingfisher.swift */ = {isa = PBXFileReference; lastKnownFileType = sourcecode.swift; path = Kingfisher.swift; sourceTree = "<group>"; };
		C5BFB1372593682100EE7F00 /* ImageView+Kingfisher.swift */ = {isa = PBXFileReference; lastKnownFileType = sourcecode.swift; path = "ImageView+Kingfisher.swift"; sourceTree = "<group>"; };
		C5BFB1382593682100EE7F00 /* ImageDownloader.swift */ = {isa = PBXFileReference; lastKnownFileType = sourcecode.swift; path = ImageDownloader.swift; sourceTree = "<group>"; };
		C5BFB1392593682100EE7F00 /* CacheSerializer.swift */ = {isa = PBXFileReference; lastKnownFileType = sourcecode.swift; path = CacheSerializer.swift; sourceTree = "<group>"; };
		C5BFB13A2593682100EE7F00 /* RequestModifier.swift */ = {isa = PBXFileReference; lastKnownFileType = sourcecode.swift; path = RequestModifier.swift; sourceTree = "<group>"; };
		C5BFB13B2593682100EE7F00 /* ImagePrefetcher.swift */ = {isa = PBXFileReference; lastKnownFileType = sourcecode.swift; path = ImagePrefetcher.swift; sourceTree = "<group>"; };
		C5BFB13C2593682100EE7F00 /* KingfisherManager.swift */ = {isa = PBXFileReference; lastKnownFileType = sourcecode.swift; path = KingfisherManager.swift; sourceTree = "<group>"; };
		C5BFB13D2593682200EE7F00 /* String+MD5.swift */ = {isa = PBXFileReference; lastKnownFileType = sourcecode.swift; path = "String+MD5.swift"; sourceTree = "<group>"; };
		C5BFB13E2593682200EE7F00 /* ImageModifier.swift */ = {isa = PBXFileReference; lastKnownFileType = sourcecode.swift; path = ImageModifier.swift; sourceTree = "<group>"; };
		C5BFB13F2593682200EE7F00 /* Indicator.swift */ = {isa = PBXFileReference; lastKnownFileType = sourcecode.swift; path = Indicator.swift; sourceTree = "<group>"; };
		C5BFB1402593682200EE7F00 /* ImageProcessor.swift */ = {isa = PBXFileReference; lastKnownFileType = sourcecode.swift; path = ImageProcessor.swift; sourceTree = "<group>"; };
		C5BFB1412593682200EE7F00 /* Image.swift */ = {isa = PBXFileReference; lastKnownFileType = sourcecode.swift; path = Image.swift; sourceTree = "<group>"; };
		C5BFB1422593682200EE7F00 /* Filter.swift */ = {isa = PBXFileReference; lastKnownFileType = sourcecode.swift; path = Filter.swift; sourceTree = "<group>"; };
		C5BFB1632593696600EE7F00 /* Stations.swift */ = {isa = PBXFileReference; lastKnownFileType = sourcecode.swift; path = Stations.swift; sourceTree = "<group>"; };
		C5BFB16725936A6F00EE7F00 /* Reachability.swift */ = {isa = PBXFileReference; lastKnownFileType = sourcecode.swift; path = Reachability.swift; sourceTree = "<group>"; };
		C5BFB17025936D2400EE7F00 /* StationsRequest.swift */ = {isa = PBXFileReference; lastKnownFileType = sourcecode.swift; path = StationsRequest.swift; sourceTree = "<group>"; };
		C5BFB17A2593734200EE7F00 /* HelperFunction.swift */ = {isa = PBXFileReference; lastKnownFileType = sourcecode.swift; path = HelperFunction.swift; sourceTree = "<group>"; };
		C5BFB1822593739800EE7F00 /* BaseView.swift */ = {isa = PBXFileReference; lastKnownFileType = sourcecode.swift; path = BaseView.swift; sourceTree = "<group>"; };
		C5BFB186259373DB00EE7F00 /* Disposable.swift */ = {isa = PBXFileReference; lastKnownFileType = sourcecode.swift; path = Disposable.swift; sourceTree = "<group>"; };
		C5BFB18A259373E700EE7F00 /* Observable.swift */ = {isa = PBXFileReference; lastKnownFileType = sourcecode.swift; path = Observable.swift; sourceTree = "<group>"; };
		C5BFB18E259373FB00EE7F00 /* State.swift */ = {isa = PBXFileReference; lastKnownFileType = sourcecode.swift; path = State.swift; sourceTree = "<group>"; };
		C5BFB196259374EC00EE7F00 /* FavesViewController.swift */ = {isa = PBXFileReference; lastKnownFileType = sourcecode.swift; path = FavesViewController.swift; sourceTree = "<group>"; };
		C5BFB197259374EC00EE7F00 /* FavesViewController.xib */ = {isa = PBXFileReference; lastKnownFileType = file.xib; path = FavesViewController.xib; sourceTree = "<group>"; };
		C5BFB19C25937D6600EE7F00 /* CALayer+Extension.swift */ = {isa = PBXFileReference; lastKnownFileType = sourcecode.swift; path = "CALayer+Extension.swift"; sourceTree = "<group>"; };
		C5BFB1A025937DAB00EE7F00 /* UIColor+Extension.swift */ = {isa = PBXFileReference; lastKnownFileType = sourcecode.swift; path = "UIColor+Extension.swift"; sourceTree = "<group>"; };
		C5BFB1A425937DCE00EE7F00 /* Optional+Extension.swift */ = {isa = PBXFileReference; lastKnownFileType = sourcecode.swift; path = "Optional+Extension.swift"; sourceTree = "<group>"; };
		C5F38C6625929E830065C60D /* AppConstants.swift */ = {isa = PBXFileReference; lastKnownFileType = sourcecode.swift; path = AppConstants.swift; sourceTree = "<group>"; };
/* End PBXFileReference section */

/* Begin PBXFrameworksBuildPhase section */
		C53904982592928200A7856B /* Frameworks */ = {
			isa = PBXFrameworksBuildPhase;
			buildActionMask = 2147483647;
			files = (
			);
			runOnlyForDeploymentPostprocessing = 0;
		};
		C5BFAFCC259345B200EE7F00 /* Frameworks */ = {
			isa = PBXFrameworksBuildPhase;
			buildActionMask = 2147483647;
			files = (
			);
			runOnlyForDeploymentPostprocessing = 0;
		};
/* End PBXFrameworksBuildPhase section */

/* Begin PBXGroup section */
		C5191A03259397CE00C25540 /* View Model */ = {
			isa = PBXGroup;
			children = (
				C51919F62593958700C25540 /* StationsViewModel.swift */,
				C57FA8222593A8B900815E32 /* StationsCollectionCellViewModel.swift */,
			);
			path = "View Model";
			sourceTree = "<group>";
		};
		C53904922592928200A7856B = {
			isa = PBXGroup;
			children = (
				C539049D2592928200A7856B /* d63181fffacf7f55df742aa964ab9a35 */,
				C5BFAFD0259345B200EE7F00 /* d63181fffacf7f55df742aa964ab9a35Tests */,
				C539049C2592928200A7856B /* Products */,
			);
			sourceTree = "<group>";
		};
		C539049C2592928200A7856B /* Products */ = {
			isa = PBXGroup;
			children = (
				C539049B2592928200A7856B /* d63181fffacf7f55df742aa964ab9a35.app */,
				C5BFAFCF259345B200EE7F00 /* d63181fffacf7f55df742aa964ab9a35Tests.xctest */,
			);
			name = Products;
			sourceTree = "<group>";
		};
		C539049D2592928200A7856B /* d63181fffacf7f55df742aa964ab9a35 */ = {
			isa = PBXGroup;
			children = (
				C53904B82592955200A7856B /* App */,
				C5BFAFF125934C6F00EE7F00 /* Networking */,
				C53904BB2592957F00A7856B /* DataBase */,
				C53904E0259297CB00A7856B /* Context */,
				C53904BA2592956900A7856B /* Resources */,
				C53904D72592976E00A7856B /* Core */,
				C53904D92592978000A7856B /* Misc */,
			);
			path = d63181fffacf7f55df742aa964ab9a35;
			sourceTree = "<group>";
		};
		C53904B82592955200A7856B /* App */ = {
			isa = PBXGroup;
			children = (
				C539049E2592928200A7856B /* AppDelegate.swift */,
				C53904A02592928200A7856B /* SceneDelegate.swift */,
				C5F38C6625929E830065C60D /* AppConstants.swift */,
			);
			path = App;
			sourceTree = "<group>";
		};
		C53904BA2592956900A7856B /* Resources */ = {
			isa = PBXGroup;
			children = (
				C53904AA2592928400A7856B /* Assets.xcassets */,
				C53904AC2592928400A7856B /* LaunchScreen.storyboard */,
				C53904AF2592928400A7856B /* Info.plist */,
			);
			path = Resources;
			sourceTree = "<group>";
		};
		C53904BB2592957F00A7856B /* DataBase */ = {
			isa = PBXGroup;
			children = (
				C53904A72592928200A7856B /* d63181fffacf7f55df742aa964ab9a35.xcdatamodeld */,
			);
			path = DataBase;
			sourceTree = "<group>";
		};
		C53904D22592973200A7856B /* Extensions */ = {
			isa = PBXGroup;
			children = (
				C53904CC259296EE00A7856B /* UIViewController+Extension.swift */,
				C53904CF259296FD00A7856B /* UINavigationController+Extension.swift */,
				C5BFB19C25937D6600EE7F00 /* CALayer+Extension.swift */,
				C5BFB1A025937DAB00EE7F00 /* UIColor+Extension.swift */,
				C5BFB1A425937DCE00EE7F00 /* Optional+Extension.swift */,
				C57FA82A2593B04800815E32 /* UIView+Extension.swift */,
			);
			path = Extensions;
			sourceTree = "<group>";
		};
		C53904D52592976800A7856B /* Navigation */ = {
			isa = PBXGroup;
			children = (
				C53904C0259296A600A7856B /* ControllerKeys.swift */,
				C53904C3259296B500A7856B /* ControllerFactory.swift */,
				C53904C6259296BC00A7856B /* Coordinator.swift */,
				C53904C9259296C300A7856B /* NavigationManager.swift */,
			);
			path = Navigation;
			sourceTree = "<group>";
		};
		C53904D72592976E00A7856B /* Core */ = {
			isa = PBXGroup;
			children = (
				C53904D52592976800A7856B /* Navigation */,
				C53904F625929C0100A7856B /* Generic */,
				C5BFB1BC2593912400EE7F00 /* Observable */,
			);
			path = Core;
			sourceTree = "<group>";
		};
		C53904D92592978000A7856B /* Misc */ = {
			isa = PBXGroup;
			children = (
				C53904D22592973200A7856B /* Extensions */,
				C53904FE25929D4C00A7856B /* Utility */,
			);
			path = Misc;
			sourceTree = "<group>";
		};
		C53904E0259297CB00A7856B /* Context */ = {
			isa = PBXGroup;
			children = (
				C53904FB25929D2600A7856B /* splash */,
				C53904E2259297E700A7856B /* Tabbar */,
				C5BFB0E9259365D700EE7F00 /* StationsVC */,
				C5BFB1C72593916700EE7F00 /* FaveVC */,
			);
			path = Context;
			sourceTree = "<group>";
		};
		C53904E2259297E700A7856B /* Tabbar */ = {
			isa = PBXGroup;
			children = (
				C53904DB259297C500A7856B /* MainTabbarViewController.swift */,
			);
			path = Tabbar;
			sourceTree = "<group>";
		};
		C53904F625929C0100A7856B /* Generic */ = {
			isa = PBXGroup;
			children = (
				C53904EA25929BC200A7856B /* BaseVC.swift */,
				C53904ED25929BCE00A7856B /* BaseVM.swift */,
				C53904F025929BD900A7856B /* BaseTableViewCell.swift */,
				C53904F325929BF900A7856B /* BaseCollectionViewCell.swift */,
				C5BFB1822593739800EE7F00 /* BaseView.swift */,
			);
			path = Generic;
			sourceTree = "<group>";
		};
		C53904FB25929D2600A7856B /* splash */ = {
			isa = PBXGroup;
			children = (
				C53904E525929B9600A7856B /* SplashViewController.swift */,
				C53904E625929B9600A7856B /* SplashViewController.xib */,
			);
			path = splash;
			sourceTree = "<group>";
		};
		C53904FE25929D4C00A7856B /* Utility */ = {
			isa = PBXGroup;
			children = (
				C5BFB15E2593684300EE7F00 /* Image Cashing */,
				C53904F825929C5C00A7856B /* AlertBuilder.swift */,
				C5BFB16725936A6F00EE7F00 /* Reachability.swift */,
				C5BFB17A2593734200EE7F00 /* HelperFunction.swift */,
				C51919FF2593968300C25540 /* Spinner.swift */,
			);
			path = Utility;
			sourceTree = "<group>";
		};
		C57FA81F2593A7F100815E32 /* View */ = {
			isa = PBXGroup;
			children = (
				C57FA8192593A7ED00815E32 /* StationsCollectionViewCell.swift */,
				C57FA81A2593A7ED00815E32 /* StationsCollectionViewCell.xib */,
			);
			path = View;
			sourceTree = "<group>";
		};
		C5BFAFD0259345B200EE7F00 /* d63181fffacf7f55df742aa964ab9a35Tests */ = {
			isa = PBXGroup;
			children = (
				C5BFAFD1259345B200EE7F00 /* d63181fffacf7f55df742aa964ab9a35Tests.swift */,
				C57FA83F2593C96D00815E32 /* NetworkingTest.swift */,
				C57FA8452593C9AA00815E32 /* StationsModelTest.swift */,
				C5BFAFD3259345B200EE7F00 /* Info.plist */,
			);
			path = d63181fffacf7f55df742aa964ab9a35Tests;
			sourceTree = "<group>";
		};
		C5BFAFF125934C6F00EE7F00 /* Networking */ = {
			isa = PBXGroup;
			children = (
				C5BFB11F259366BC00EE7F00 /* EndPoint */,
				C5BFB11C259366B300EE7F00 /* Manager */,
				C5BFB119259366A900EE7F00 /* Service */,
				C5BFB1162593669E00EE7F00 /* Encoding */,
			);
			path = Networking;
			sourceTree = "<group>";
		};
		C5BFB0E9259365D700EE7F00 /* StationsVC */ = {
			isa = PBXGroup;
			children = (
				C5BFB1CA2593918100EE7F00 /* Service */,
				C5BFB1C12593914B00EE7F00 /* Controller */,
				C57FA81F2593A7F100815E32 /* View */,
				C5191A03259397CE00C25540 /* View Model */,
				C5BFB16D25936CC400EE7F00 /* Model */,
			);
			path = StationsVC;
			sourceTree = "<group>";
		};
		C5BFB1162593669E00EE7F00 /* Encoding */ = {
			isa = PBXGroup;
			children = (
				C5BFB10A2593667A00EE7F00 /* ParameterEncoding.swift */,
				C5BFB10E2593668700EE7F00 /* URLParameterEncoding.swift */,
				C5BFB1122593669300EE7F00 /* JSONParameterEncoder.swift */,
			);
			path = Encoding;
			sourceTree = "<group>";
		};
		C5BFB119259366A900EE7F00 /* Service */ = {
			isa = PBXGroup;
			children = (
				C5BFB0F62593664300EE7F00 /* EndPointType.swift */,
				C5BFB0FA2593664E00EE7F00 /* Router.swift */,
				C5BFB0FE2593665900EE7F00 /* HTTPMethod.swift */,
				C5BFB1022593666400EE7F00 /* HTTPTask.swift */,
				C5BFB1062593666E00EE7F00 /* NetworkLogger.swift */,
			);
			path = Service;
			sourceTree = "<group>";
		};
		C5BFB11C259366B300EE7F00 /* Manager */ = {
			isa = PBXGroup;
			children = (
				C5BFB0F22593663700EE7F00 /* NetworkManager.swift */,
			);
			path = Manager;
			sourceTree = "<group>";
		};
		C5BFB11F259366BC00EE7F00 /* EndPoint */ = {
			isa = PBXGroup;
			children = (
				C5BFB0EC2593662000EE7F00 /* EndPoints.swift */,
			);
			path = EndPoint;
			sourceTree = "<group>";
		};
		C5BFB15E2593684300EE7F00 /* Image Cashing */ = {
			isa = PBXGroup;
			children = (
				C5BFB12C2593682000EE7F00 /* AnimatedImageView.swift */,
				C5BFB1342593682100EE7F00 /* Box.swift */,
				C5BFB1392593682100EE7F00 /* CacheSerializer.swift */,
				C5BFB1422593682200EE7F00 /* Filter.swift */,
				C5BFB1332593682100EE7F00 /* FormatIndicatedCacheSerializer.swift */,
				C5BFB1412593682200EE7F00 /* Image.swift */,
				C5BFB1322593682100EE7F00 /* ImageCache.swift */,
				C5BFB1382593682100EE7F00 /* ImageDownloader.swift */,
				C5BFB13E2593682200EE7F00 /* ImageModifier.swift */,
				C5BFB13B2593682100EE7F00 /* ImagePrefetcher.swift */,
				C5BFB1402593682200EE7F00 /* ImageProcessor.swift */,
				C5BFB1302593682000EE7F00 /* ImageTransition.swift */,
				C5BFB1372593682100EE7F00 /* ImageView+Kingfisher.swift */,
				C5BFB13F2593682200EE7F00 /* Indicator.swift */,
				C5BFB1362593682100EE7F00 /* Kingfisher.swift */,
				C5BFB13C2593682100EE7F00 /* KingfisherManager.swift */,
				C5BFB12E2593682000EE7F00 /* KingfisherOptionsInfo.swift */,
				C5BFB12D2593682000EE7F00 /* Placeholder.swift */,
				C5BFB13A2593682100EE7F00 /* RequestModifier.swift */,
				C5BFB1352593682100EE7F00 /* Resource.swift */,
				C5BFB13D2593682200EE7F00 /* String+MD5.swift */,
				C5BFB12F2593682000EE7F00 /* ThreadHelper.swift */,
				C5BFB1312593682000EE7F00 /* UIButton+Kingfisher.swift */,
			);
			path = "Image Cashing";
			sourceTree = "<group>";
		};
		C5BFB16D25936CC400EE7F00 /* Model */ = {
			isa = PBXGroup;
			children = (
				C5BFB1632593696600EE7F00 /* Stations.swift */,
				C57FA8262593AEE700815E32 /* PagingCollectionViewLayout.swift */,
			);
			path = Model;
			sourceTree = "<group>";
		};
		C5BFB1BC2593912400EE7F00 /* Observable */ = {
			isa = PBXGroup;
			children = (
				C5BFB186259373DB00EE7F00 /* Disposable.swift */,
				C5BFB18A259373E700EE7F00 /* Observable.swift */,
				C5BFB18E259373FB00EE7F00 /* State.swift */,
			);
			path = Observable;
			sourceTree = "<group>";
		};
		C5BFB1C12593914B00EE7F00 /* Controller */ = {
			isa = PBXGroup;
			children = (
				C5BFB0E3259365D100EE7F00 /* StationsViewController.swift */,
				C5BFB0E4259365D100EE7F00 /* StationsViewController.xib */,
			);
			path = Controller;
			sourceTree = "<group>";
		};
		C5BFB1C42593916300EE7F00 /* Controller */ = {
			isa = PBXGroup;
			children = (
				C5BFB196259374EC00EE7F00 /* FavesViewController.swift */,
				C5BFB197259374EC00EE7F00 /* FavesViewController.xib */,
			);
			path = Controller;
			sourceTree = "<group>";
		};
		C5BFB1C72593916700EE7F00 /* FaveVC */ = {
			isa = PBXGroup;
			children = (
				C5BFB1C42593916300EE7F00 /* Controller */,
			);
			path = FaveVC;
			sourceTree = "<group>";
		};
		C5BFB1CA2593918100EE7F00 /* Service */ = {
			isa = PBXGroup;
			children = (
				C5BFB17025936D2400EE7F00 /* StationsRequest.swift */,
			);
			path = Service;
			sourceTree = "<group>";
		};
/* End PBXGroup section */

/* Begin PBXNativeTarget section */
		C539049A2592928200A7856B /* d63181fffacf7f55df742aa964ab9a35 */ = {
			isa = PBXNativeTarget;
			buildConfigurationList = C53904B22592928400A7856B /* Build configuration list for PBXNativeTarget "d63181fffacf7f55df742aa964ab9a35" */;
			buildPhases = (
				C53904972592928200A7856B /* Sources */,
				C53904982592928200A7856B /* Frameworks */,
				C53904992592928200A7856B /* Resources */,
			);
			buildRules = (
			);
			dependencies = (
			);
			name = d63181fffacf7f55df742aa964ab9a35;
			productName = d63181fffacf7f55df742aa964ab9a35;
			productReference = C539049B2592928200A7856B /* d63181fffacf7f55df742aa964ab9a35.app */;
			productType = "com.apple.product-type.application";
		};
		C5BFAFCE259345B200EE7F00 /* d63181fffacf7f55df742aa964ab9a35Tests */ = {
			isa = PBXNativeTarget;
			buildConfigurationList = C5BFAFD8259345B200EE7F00 /* Build configuration list for PBXNativeTarget "d63181fffacf7f55df742aa964ab9a35Tests" */;
			buildPhases = (
				C5BFAFCB259345B200EE7F00 /* Sources */,
				C5BFAFCC259345B200EE7F00 /* Frameworks */,
				C5BFAFCD259345B200EE7F00 /* Resources */,
			);
			buildRules = (
			);
			dependencies = (
				C5BFAFD5259345B200EE7F00 /* PBXTargetDependency */,
			);
			name = d63181fffacf7f55df742aa964ab9a35Tests;
			productName = d63181fffacf7f55df742aa964ab9a35Tests;
			productReference = C5BFAFCF259345B200EE7F00 /* d63181fffacf7f55df742aa964ab9a35Tests.xctest */;
			productType = "com.apple.product-type.bundle.unit-test";
		};
/* End PBXNativeTarget section */

/* Begin PBXProject section */
		C53904932592928200A7856B /* Project object */ = {
			isa = PBXProject;
			attributes = {
				LastSwiftUpdateCheck = 1230;
				LastUpgradeCheck = 1230;
				ORGANIZATIONNAME = "Amir Daliri";
				TargetAttributes = {
					C539049A2592928200A7856B = {
						CreatedOnToolsVersion = 12.3;
					};
					C5BFAFCE259345B200EE7F00 = {
						CreatedOnToolsVersion = 12.3;
						TestTargetID = C539049A2592928200A7856B;
					};
				};
			};
			buildConfigurationList = C53904962592928200A7856B /* Build configuration list for PBXProject "d63181fffacf7f55df742aa964ab9a35" */;
			compatibilityVersion = "Xcode 9.3";
			developmentRegion = en;
			hasScannedForEncodings = 0;
			knownRegions = (
				en,
				Base,
			);
			mainGroup = C53904922592928200A7856B;
			productRefGroup = C539049C2592928200A7856B /* Products */;
			projectDirPath = "";
			projectRoot = "";
			targets = (
				C539049A2592928200A7856B /* d63181fffacf7f55df742aa964ab9a35 */,
				C5BFAFCE259345B200EE7F00 /* d63181fffacf7f55df742aa964ab9a35Tests */,
			);
		};
/* End PBXProject section */

/* Begin PBXResourcesBuildPhase section */
		C53904992592928200A7856B /* Resources */ = {
			isa = PBXResourcesBuildPhase;
			buildActionMask = 2147483647;
			files = (
				C53904AE2592928400A7856B /* LaunchScreen.storyboard in Resources */,
				C53904AB2592928400A7856B /* Assets.xcassets in Resources */,
				C53904E825929B9600A7856B /* SplashViewController.xib in Resources */,
				C5BFB0E6259365D100EE7F00 /* StationsViewController.xib in Resources */,
				C5BFB199259374EC00EE7F00 /* FavesViewController.xib in Resources */,
				C57FA81C2593A7ED00815E32 /* StationsCollectionViewCell.xib in Resources */,
			);
			runOnlyForDeploymentPostprocessing = 0;
		};
		C5BFAFCD259345B200EE7F00 /* Resources */ = {
			isa = PBXResourcesBuildPhase;
			buildActionMask = 2147483647;
			files = (
			);
			runOnlyForDeploymentPostprocessing = 0;
		};
/* End PBXResourcesBuildPhase section */

/* Begin PBXSourcesBuildPhase section */
		C53904972592928200A7856B /* Sources */ = {
			isa = PBXSourcesBuildPhase;
			buildActionMask = 2147483647;
			files = (
				C57FA8232593A8B900815E32 /* StationsCollectionCellViewModel.swift in Sources */,
				C53904CD259296EE00A7856B /* UIViewController+Extension.swift in Sources */,
				C5BFB1502593682200EE7F00 /* ImageTransition.swift in Sources */,
				C5BFB1492593682200EE7F00 /* ImageProcessor.swift in Sources */,
				C5BFB10F2593668700EE7F00 /* URLParameterEncoding.swift in Sources */,
				C5191A002593968300C25540 /* Spinner.swift in Sources */,
				C5BFB1462593682200EE7F00 /* ImagePrefetcher.swift in Sources */,
				C5BFB1442593682200EE7F00 /* UIButton+Kingfisher.swift in Sources */,
				C53904A92592928200A7856B /* d63181fffacf7f55df742aa964ab9a35.xcdatamodeld in Sources */,
				C5BFB0E5259365D100EE7F00 /* StationsViewController.swift in Sources */,
				C5BFB1482593682200EE7F00 /* KingfisherManager.swift in Sources */,
				C5BFB0F32593663700EE7F00 /* NetworkManager.swift in Sources */,
				C5BFB1432593682200EE7F00 /* ThreadHelper.swift in Sources */,
				C539049F2592928200A7856B /* AppDelegate.swift in Sources */,
				C5BFB14E2593682200EE7F00 /* ImageCache.swift in Sources */,
				C5BFB1642593696600EE7F00 /* Stations.swift in Sources */,
				C53904CA259296C300A7856B /* NavigationManager.swift in Sources */,
				C5BFB0FF2593665900EE7F00 /* HTTPMethod.swift in Sources */,
				C5BFB16825936A6F00EE7F00 /* Reachability.swift in Sources */,
				C53904F125929BD900A7856B /* BaseTableViewCell.swift in Sources */,
				C53904F425929BF900A7856B /* BaseCollectionViewCell.swift in Sources */,
				C51919F72593958700C25540 /* StationsViewModel.swift in Sources */,
				C5BFB1522593682200EE7F00 /* AnimatedImageView.swift in Sources */,
				C5BFB1A125937DAB00EE7F00 /* UIColor+Extension.swift in Sources */,
				C5BFB1572593682200EE7F00 /* ImageModifier.swift in Sources */,
				C5BFB1552593682200EE7F00 /* Resource.swift in Sources */,
				C5BFB18F259373FB00EE7F00 /* State.swift in Sources */,
				C5BFB18B259373E700EE7F00 /* Observable.swift in Sources */,
				C5BFB17B2593734200EE7F00 /* HelperFunction.swift in Sources */,
				C53904C7259296BC00A7856B /* Coordinator.swift in Sources */,
				C5BFB0ED2593662000EE7F00 /* EndPoints.swift in Sources */,
				C53904C4259296B500A7856B /* ControllerFactory.swift in Sources */,
				C5BFB10B2593667A00EE7F00 /* ParameterEncoding.swift in Sources */,
				C57FA82B2593B04800815E32 /* UIView+Extension.swift in Sources */,
				C5BFB1542593682200EE7F00 /* KingfisherOptionsInfo.swift in Sources */,
				C53904A12592928200A7856B /* SceneDelegate.swift in Sources */,
				C5BFB1A525937DCE00EE7F00 /* Optional+Extension.swift in Sources */,
				C5BFB1072593666E00EE7F00 /* NetworkLogger.swift in Sources */,
				C53904EE25929BCE00A7856B /* BaseVM.swift in Sources */,
				C5BFB1512593682200EE7F00 /* Placeholder.swift in Sources */,
				C53904EB25929BC200A7856B /* BaseVC.swift in Sources */,
				C5BFB1132593669300EE7F00 /* JSONParameterEncoder.swift in Sources */,
				C5BFB14C2593682200EE7F00 /* ImageDownloader.swift in Sources */,
				C5BFB0FB2593664E00EE7F00 /* Router.swift in Sources */,
				C5BFB1032593666400EE7F00 /* HTTPTask.swift in Sources */,
				C5BFB17125936D2400EE7F00 /* StationsRequest.swift in Sources */,
				C53904C1259296A600A7856B /* ControllerKeys.swift in Sources */,
				C5BFB14A2593682200EE7F00 /* Indicator.swift in Sources */,
				C5BFB198259374EC00EE7F00 /* FavesViewController.swift in Sources */,
				C57FA8272593AEE700815E32 /* PagingCollectionViewLayout.swift in Sources */,
				C5BFB14B2593682200EE7F00 /* RequestModifier.swift in Sources */,
				C5BFB1592593682200EE7F00 /* CacheSerializer.swift in Sources */,
				C53904F925929C5C00A7856B /* AlertBuilder.swift in Sources */,
				C5BFB1452593682200EE7F00 /* Box.swift in Sources */,
				C5BFB187259373DB00EE7F00 /* Disposable.swift in Sources */,
				C53904D0259296FD00A7856B /* UINavigationController+Extension.swift in Sources */,
				C5BFB1472593682200EE7F00 /* Kingfisher.swift in Sources */,
				C5BFB14F2593682200EE7F00 /* ImageView+Kingfisher.swift in Sources */,
				C5BFB1532593682200EE7F00 /* FormatIndicatedCacheSerializer.swift in Sources */,
				C53904DD259297C500A7856B /* MainTabbarViewController.swift in Sources */,
				C53904E725929B9600A7856B /* SplashViewController.swift in Sources */,
				C57FA81B2593A7ED00815E32 /* StationsCollectionViewCell.swift in Sources */,
				C5BFB19D25937D6600EE7F00 /* CALayer+Extension.swift in Sources */,
				C5BFB0F72593664300EE7F00 /* EndPointType.swift in Sources */,
				C5BFB14D2593682200EE7F00 /* String+MD5.swift in Sources */,
				C5BFB1582593682200EE7F00 /* Filter.swift in Sources */,
				C5BFB1832593739800EE7F00 /* BaseView.swift in Sources */,
				C5F38C6725929E830065C60D /* AppConstants.swift in Sources */,
				C5BFB1562593682200EE7F00 /* Image.swift in Sources */,
			);
			runOnlyForDeploymentPostprocessing = 0;
		};
		C5BFAFCB259345B200EE7F00 /* Sources */ = {
			isa = PBXSourcesBuildPhase;
			buildActionMask = 2147483647;
			files = (
				C5BFAFD2259345B200EE7F00 /* d63181fffacf7f55df742aa964ab9a35Tests.swift in Sources */,
				C57FA8462593C9AA00815E32 /* StationsModelTest.swift in Sources */,
				C57FA8402593C96D00815E32 /* NetworkingTest.swift in Sources */,
			);
			runOnlyForDeploymentPostprocessing = 0;
		};
/* End PBXSourcesBuildPhase section */

/* Begin PBXTargetDependency section */
		C5BFAFD5259345B200EE7F00 /* PBXTargetDependency */ = {
			isa = PBXTargetDependency;
			target = C539049A2592928200A7856B /* d63181fffacf7f55df742aa964ab9a35 */;
			targetProxy = C5BFAFD4259345B200EE7F00 /* PBXContainerItemProxy */;
		};
/* End PBXTargetDependency section */

/* Begin PBXVariantGroup section */
		C53904AC2592928400A7856B /* LaunchScreen.storyboard */ = {
			isa = PBXVariantGroup;
			children = (
				C53904AD2592928400A7856B /* Base */,
			);
			name = LaunchScreen.storyboard;
			sourceTree = "<group>";
		};
/* End PBXVariantGroup section */

/* Begin XCBuildConfiguration section */
		C53904B02592928400A7856B /* Debug */ = {
			isa = XCBuildConfiguration;
			buildSettings = {
				ALWAYS_SEARCH_USER_PATHS = NO;
				CLANG_ANALYZER_NONNULL = YES;
				CLANG_ANALYZER_NUMBER_OBJECT_CONVERSION = YES_AGGRESSIVE;
				CLANG_CXX_LANGUAGE_STANDARD = "gnu++14";
				CLANG_CXX_LIBRARY = "libc++";
				CLANG_ENABLE_MODULES = YES;
				CLANG_ENABLE_OBJC_ARC = YES;
				CLANG_ENABLE_OBJC_WEAK = YES;
				CLANG_WARN_BLOCK_CAPTURE_AUTORELEASING = YES;
				CLANG_WARN_BOOL_CONVERSION = YES;
				CLANG_WARN_COMMA = YES;
				CLANG_WARN_CONSTANT_CONVERSION = YES;
				CLANG_WARN_DEPRECATED_OBJC_IMPLEMENTATIONS = YES;
				CLANG_WARN_DIRECT_OBJC_ISA_USAGE = YES_ERROR;
				CLANG_WARN_DOCUMENTATION_COMMENTS = YES;
				CLANG_WARN_EMPTY_BODY = YES;
				CLANG_WARN_ENUM_CONVERSION = YES;
				CLANG_WARN_INFINITE_RECURSION = YES;
				CLANG_WARN_INT_CONVERSION = YES;
				CLANG_WARN_NON_LITERAL_NULL_CONVERSION = YES;
				CLANG_WARN_OBJC_IMPLICIT_RETAIN_SELF = YES;
				CLANG_WARN_OBJC_LITERAL_CONVERSION = YES;
				CLANG_WARN_OBJC_ROOT_CLASS = YES_ERROR;
				CLANG_WARN_QUOTED_INCLUDE_IN_FRAMEWORK_HEADER = YES;
				CLANG_WARN_RANGE_LOOP_ANALYSIS = YES;
				CLANG_WARN_STRICT_PROTOTYPES = YES;
				CLANG_WARN_SUSPICIOUS_MOVE = YES;
				CLANG_WARN_UNGUARDED_AVAILABILITY = YES_AGGRESSIVE;
				CLANG_WARN_UNREACHABLE_CODE = YES;
				CLANG_WARN__DUPLICATE_METHOD_MATCH = YES;
				COPY_PHASE_STRIP = NO;
				DEBUG_INFORMATION_FORMAT = dwarf;
				ENABLE_STRICT_OBJC_MSGSEND = YES;
				ENABLE_TESTABILITY = YES;
				GCC_C_LANGUAGE_STANDARD = gnu11;
				GCC_DYNAMIC_NO_PIC = NO;
				GCC_NO_COMMON_BLOCKS = YES;
				GCC_OPTIMIZATION_LEVEL = 0;
				GCC_PREPROCESSOR_DEFINITIONS = (
					"DEBUG=1",
					"$(inherited)",
				);
				GCC_WARN_64_TO_32_BIT_CONVERSION = YES;
				GCC_WARN_ABOUT_RETURN_TYPE = YES_ERROR;
				GCC_WARN_UNDECLARED_SELECTOR = YES;
				GCC_WARN_UNINITIALIZED_AUTOS = YES_AGGRESSIVE;
				GCC_WARN_UNUSED_FUNCTION = YES;
				GCC_WARN_UNUSED_VARIABLE = YES;
				IPHONEOS_DEPLOYMENT_TARGET = 14.3;
				MTL_ENABLE_DEBUG_INFO = INCLUDE_SOURCE;
				MTL_FAST_MATH = YES;
				ONLY_ACTIVE_ARCH = YES;
				SDKROOT = iphoneos;
				SWIFT_ACTIVE_COMPILATION_CONDITIONS = DEBUG;
				SWIFT_OPTIMIZATION_LEVEL = "-Onone";
			};
			name = Debug;
		};
		C53904B12592928400A7856B /* Release */ = {
			isa = XCBuildConfiguration;
			buildSettings = {
				ALWAYS_SEARCH_USER_PATHS = NO;
				CLANG_ANALYZER_NONNULL = YES;
				CLANG_ANALYZER_NUMBER_OBJECT_CONVERSION = YES_AGGRESSIVE;
				CLANG_CXX_LANGUAGE_STANDARD = "gnu++14";
				CLANG_CXX_LIBRARY = "libc++";
				CLANG_ENABLE_MODULES = YES;
				CLANG_ENABLE_OBJC_ARC = YES;
				CLANG_ENABLE_OBJC_WEAK = YES;
				CLANG_WARN_BLOCK_CAPTURE_AUTORELEASING = YES;
				CLANG_WARN_BOOL_CONVERSION = YES;
				CLANG_WARN_COMMA = YES;
				CLANG_WARN_CONSTANT_CONVERSION = YES;
				CLANG_WARN_DEPRECATED_OBJC_IMPLEMENTATIONS = YES;
				CLANG_WARN_DIRECT_OBJC_ISA_USAGE = YES_ERROR;
				CLANG_WARN_DOCUMENTATION_COMMENTS = YES;
				CLANG_WARN_EMPTY_BODY = YES;
				CLANG_WARN_ENUM_CONVERSION = YES;
				CLANG_WARN_INFINITE_RECURSION = YES;
				CLANG_WARN_INT_CONVERSION = YES;
				CLANG_WARN_NON_LITERAL_NULL_CONVERSION = YES;
				CLANG_WARN_OBJC_IMPLICIT_RETAIN_SELF = YES;
				CLANG_WARN_OBJC_LITERAL_CONVERSION = YES;
				CLANG_WARN_OBJC_ROOT_CLASS = YES_ERROR;
				CLANG_WARN_QUOTED_INCLUDE_IN_FRAMEWORK_HEADER = YES;
				CLANG_WARN_RANGE_LOOP_ANALYSIS = YES;
				CLANG_WARN_STRICT_PROTOTYPES = YES;
				CLANG_WARN_SUSPICIOUS_MOVE = YES;
				CLANG_WARN_UNGUARDED_AVAILABILITY = YES_AGGRESSIVE;
				CLANG_WARN_UNREACHABLE_CODE = YES;
				CLANG_WARN__DUPLICATE_METHOD_MATCH = YES;
				COPY_PHASE_STRIP = NO;
				DEBUG_INFORMATION_FORMAT = "dwarf-with-dsym";
				ENABLE_NS_ASSERTIONS = NO;
				ENABLE_STRICT_OBJC_MSGSEND = YES;
				GCC_C_LANGUAGE_STANDARD = gnu11;
				GCC_NO_COMMON_BLOCKS = YES;
				GCC_WARN_64_TO_32_BIT_CONVERSION = YES;
				GCC_WARN_ABOUT_RETURN_TYPE = YES_ERROR;
				GCC_WARN_UNDECLARED_SELECTOR = YES;
				GCC_WARN_UNINITIALIZED_AUTOS = YES_AGGRESSIVE;
				GCC_WARN_UNUSED_FUNCTION = YES;
				GCC_WARN_UNUSED_VARIABLE = YES;
				IPHONEOS_DEPLOYMENT_TARGET = 14.3;
				MTL_ENABLE_DEBUG_INFO = NO;
				MTL_FAST_MATH = YES;
				SDKROOT = iphoneos;
				SWIFT_COMPILATION_MODE = wholemodule;
				SWIFT_OPTIMIZATION_LEVEL = "-O";
				VALIDATE_PRODUCT = YES;
			};
			name = Release;
		};
		C53904B32592928400A7856B /* Debug */ = {
			isa = XCBuildConfiguration;
			buildSettings = {
				ASSETCATALOG_COMPILER_APPICON_NAME = AppIcon;
				ASSETCATALOG_COMPILER_GLOBAL_ACCENT_COLOR_NAME = AccentColor;
				CODE_SIGN_STYLE = Automatic;
				DEVELOPMENT_TEAM = 2868AYDQ6B;
				INFOPLIST_FILE = d63181fffacf7f55df742aa964ab9a35/Resources/Info.plist;
				IPHONEOS_DEPLOYMENT_TARGET = 10.0;
				LD_RUNPATH_SEARCH_PATHS = (
					"$(inherited)",
					"@executable_path/Frameworks",
				);
				PRODUCT_BUNDLE_IDENTIFIER = com.d63181fffacf7f55df742aa964ab9a35;
				PRODUCT_NAME = "$(TARGET_NAME)";
				SWIFT_VERSION = 5.0;
				TARGETED_DEVICE_FAMILY = 1;
			};
			name = Debug;
		};
		C53904B42592928400A7856B /* Release */ = {
			isa = XCBuildConfiguration;
			buildSettings = {
				ASSETCATALOG_COMPILER_APPICON_NAME = AppIcon;
				ASSETCATALOG_COMPILER_GLOBAL_ACCENT_COLOR_NAME = AccentColor;
				CODE_SIGN_STYLE = Automatic;
				DEVELOPMENT_TEAM = 2868AYDQ6B;
				INFOPLIST_FILE = d63181fffacf7f55df742aa964ab9a35/Resources/Info.plist;
				IPHONEOS_DEPLOYMENT_TARGET = 10.0;
				LD_RUNPATH_SEARCH_PATHS = (
					"$(inherited)",
					"@executable_path/Frameworks",
				);
				PRODUCT_BUNDLE_IDENTIFIER = com.d63181fffacf7f55df742aa964ab9a35;
				PRODUCT_NAME = "$(TARGET_NAME)";
				SWIFT_VERSION = 5.0;
				TARGETED_DEVICE_FAMILY = 1;
			};
			name = Release;
		};
		C5BFAFD6259345B200EE7F00 /* Debug */ = {
			isa = XCBuildConfiguration;
			buildSettings = {
				BUNDLE_LOADER = "$(TEST_HOST)";
				CODE_SIGN_STYLE = Automatic;
				DEVELOPMENT_TEAM = 2868AYDQ6B;
				INFOPLIST_FILE = d63181fffacf7f55df742aa964ab9a35Tests/Info.plist;
				LD_RUNPATH_SEARCH_PATHS = (
					"$(inherited)",
					"@executable_path/Frameworks",
					"@loader_path/Frameworks",
				);
				PRODUCT_BUNDLE_IDENTIFIER = com.d63181fffacf7f55df742aa964ab9a35Tests;
				PRODUCT_NAME = "$(TARGET_NAME)";
				SWIFT_VERSION = 5.0;
				TARGETED_DEVICE_FAMILY = "1,2";
				TEST_HOST = "$(BUILT_PRODUCTS_DIR)/d63181fffacf7f55df742aa964ab9a35.app/d63181fffacf7f55df742aa964ab9a35";
			};
			name = Debug;
		};
		C5BFAFD7259345B200EE7F00 /* Release */ = {
			isa = XCBuildConfiguration;
			buildSettings = {
				BUNDLE_LOADER = "$(TEST_HOST)";
				CODE_SIGN_STYLE = Automatic;
				DEVELOPMENT_TEAM = 2868AYDQ6B;
				INFOPLIST_FILE = d63181fffacf7f55df742aa964ab9a35Tests/Info.plist;
				LD_RUNPATH_SEARCH_PATHS = (
					"$(inherited)",
					"@executable_path/Frameworks",
					"@loader_path/Frameworks",
				);
				PRODUCT_BUNDLE_IDENTIFIER = com.d63181fffacf7f55df742aa964ab9a35Tests;
				PRODUCT_NAME = "$(TARGET_NAME)";
				SWIFT_VERSION = 5.0;
				TARGETED_DEVICE_FAMILY = "1,2";
				TEST_HOST = "$(BUILT_PRODUCTS_DIR)/d63181fffacf7f55df742aa964ab9a35.app/d63181fffacf7f55df742aa964ab9a35";
			};
			name = Release;
		};
/* End XCBuildConfiguration section */

/* Begin XCConfigurationList section */
		C53904962592928200A7856B /* Build configuration list for PBXProject "d63181fffacf7f55df742aa964ab9a35" */ = {
			isa = XCConfigurationList;
			buildConfigurations = (
				C53904B02592928400A7856B /* Debug */,
				C53904B12592928400A7856B /* Release */,
			);
			defaultConfigurationIsVisible = 0;
			defaultConfigurationName = Release;
		};
		C53904B22592928400A7856B /* Build configuration list for PBXNativeTarget "d63181fffacf7f55df742aa964ab9a35" */ = {
			isa = XCConfigurationList;
			buildConfigurations = (
				C53904B32592928400A7856B /* Debug */,
				C53904B42592928400A7856B /* Release */,
			);
			defaultConfigurationIsVisible = 0;
			defaultConfigurationName = Release;
		};
		C5BFAFD8259345B200EE7F00 /* Build configuration list for PBXNativeTarget "d63181fffacf7f55df742aa964ab9a35Tests" */ = {
			isa = XCConfigurationList;
			buildConfigurations = (
				C5BFAFD6259345B200EE7F00 /* Debug */,
				C5BFAFD7259345B200EE7F00 /* Release */,
			);
			defaultConfigurationIsVisible = 0;
			defaultConfigurationName = Release;
		};
/* End XCConfigurationList section */

/* Begin XCVersionGroup section */
		C53904A72592928200A7856B /* d63181fffacf7f55df742aa964ab9a35.xcdatamodeld */ = {
			isa = XCVersionGroup;
			children = (
				C53904A82592928200A7856B /* d63181fffacf7f55df742aa964ab9a35.xcdatamodel */,
			);
			currentVersion = C53904A82592928200A7856B /* d63181fffacf7f55df742aa964ab9a35.xcdatamodel */;
			path = d63181fffacf7f55df742aa964ab9a35.xcdatamodeld;
			sourceTree = "<group>";
			versionGroupType = wrapper.xcdatamodel;
		};
/* End XCVersionGroup section */
	};
	rootObject = C53904932592928200A7856B /* Project object */;
}
