// !$*UTF8*$!
{
	archiveVersion = 1;
	classes = {
	};
	objectVersion = 50;
	objects = {

/* Begin PBXBuildFile section */
		C539049F2592928200A7856B /* AppDelegate.swift in Sources */ = {isa = PBXBuildFile; fileRef = C539049E2592928200A7856B /* AppDelegate.swift */; };
		C53904A12592928200A7856B /* SceneDelegate.swift in Sources */ = {isa = PBXBuildFile; fileRef = C53904A02592928200A7856B /* SceneDelegate.swift */; };
		C53904A92592928200A7856B /* d63181fffacf7f55df742aa964ab9a35.xcdatamodeld in Sources */ = {isa = PBXBuildFile; fileRef = C53904A72592928200A7856B /* d63181fffacf7f55df742aa964ab9a35.xcdatamodeld */; };
		C53904AB2592928400A7856B /* Assets.xcassets in Resources */ = {isa = PBXBuildFile; fileRef = C53904AA2592928400A7856B /* Assets.xcassets */; };
		C53904AE2592928400A7856B /* LaunchScreen.storyboard in Resources */ = {isa = PBXBuildFile; fileRef = C53904AC2592928400A7856B /* LaunchScreen.storyboard */; };
/* End PBXBuildFile section */

/* Begin PBXFileReference section */
		C539049B2592928200A7856B /* d63181fffacf7f55df742aa964ab9a35.app */ = {isa = PBXFileReference; explicitFileType = wrapper.application; includeInIndex = 0; path = d63181fffacf7f55df742aa964ab9a35.app; sourceTree = BUILT_PRODUCTS_DIR; };
		C539049E2592928200A7856B /* AppDelegate.swift */ = {isa = PBXFileReference; lastKnownFileType = sourcecode.swift; path = AppDelegate.swift; sourceTree = "<group>"; };
		C53904A02592928200A7856B /* SceneDelegate.swift */ = {isa = PBXFileReference; lastKnownFileType = sourcecode.swift; path = SceneDelegate.swift; sourceTree = "<group>"; };
		C53904A82592928200A7856B /* d63181fffacf7f55df742aa964ab9a35.xcdatamodel */ = {isa = PBXFileReference; lastKnownFileType = wrapper.xcdatamodel; path = d63181fffacf7f55df742aa964ab9a35.xcdatamodel; sourceTree = "<group>"; };
		C53904AA2592928400A7856B /* Assets.xcassets */ = {isa = PBXFileReference; lastKnownFileType = folder.assetcatalog; path = Assets.xcassets; sourceTree = "<group>"; };
		C53904AD2592928400A7856B /* Base */ = {isa = PBXFileReference; lastKnownFileType = file.storyboard; name = Base; path = Base.lproj/LaunchScreen.storyboard; sourceTree = "<group>"; };
		C53904AF2592928400A7856B /* Info.plist */ = {isa = PBXFileReference; lastKnownFileType = text.plist.xml; path = Info.plist; sourceTree = "<group>"; };
/* End PBXFileReference section */

/* Begin PBXFrameworksBuildPhase section */
		C53904982592928200A7856B /* Frameworks */ = {
			isa = PBXFrameworksBuildPhase;
			buildActionMask = 2147483647;
			files = (
			);
			runOnlyForDeploymentPostprocessing = 0;
		};
/* End PBXFrameworksBuildPhase section */

/* Begin PBXGroup section */
		C53904922592928200A7856B = {
			isa = PBXGroup;
			children = (
				C539049D2592928200A7856B /* d63181fffacf7f55df742aa964ab9a35 */,
				C539049C2592928200A7856B /* Products */,
			);
			sourceTree = "<group>";
		};
		C539049C2592928200A7856B /* Products */ = {
			isa = PBXGroup;
			children = (
				C539049B2592928200A7856B /* d63181fffacf7f55df742aa964ab9a35.app */,
			);
			name = Products;
			sourceTree = "<group>";
		};
		C539049D2592928200A7856B /* d63181fffacf7f55df742aa964ab9a35 */ = {
			isa = PBXGroup;
			children = (
				C53904B82592955200A7856B /* App */,
				C53904BB2592957F00A7856B /* DataBase */,
				C53904BA2592956900A7856B /* Resources */,
			);
			path = d63181fffacf7f55df742aa964ab9a35;
			sourceTree = "<group>";
		};
		C53904B82592955200A7856B /* App */ = {
			isa = PBXGroup;
			children = (
				C539049E2592928200A7856B /* AppDelegate.swift */,
				C53904A02592928200A7856B /* SceneDelegate.swift */,
			);
			path = App;
			sourceTree = "<group>";
		};
		C53904BA2592956900A7856B /* Resources */ = {
			isa = PBXGroup;
			children = (
				C53904AA2592928400A7856B /* Assets.xcassets */,
				C53904AC2592928400A7856B /* LaunchScreen.storyboard */,
				C53904AF2592928400A7856B /* Info.plist */,
			);
			path = Resources;
			sourceTree = "<group>";
		};
		C53904BB2592957F00A7856B /* DataBase */ = {
			isa = PBXGroup;
			children = (
				C53904A72592928200A7856B /* d63181fffacf7f55df742aa964ab9a35.xcdatamodeld */,
			);
			path = DataBase;
			sourceTree = "<group>";
		};
/* End PBXGroup section */

/* Begin PBXNativeTarget section */
		C539049A2592928200A7856B /* d63181fffacf7f55df742aa964ab9a35 */ = {
			isa = PBXNativeTarget;
			buildConfigurationList = C53904B22592928400A7856B /* Build configuration list for PBXNativeTarget "d63181fffacf7f55df742aa964ab9a35" */;
			buildPhases = (
				C53904972592928200A7856B /* Sources */,
				C53904982592928200A7856B /* Frameworks */,
				C53904992592928200A7856B /* Resources */,
			);
			buildRules = (
			);
			dependencies = (
			);
			name = d63181fffacf7f55df742aa964ab9a35;
			productName = d63181fffacf7f55df742aa964ab9a35;
			productReference = C539049B2592928200A7856B /* d63181fffacf7f55df742aa964ab9a35.app */;
			productType = "com.apple.product-type.application";
		};
/* End PBXNativeTarget section */

/* Begin PBXProject section */
		C53904932592928200A7856B /* Project object */ = {
			isa = PBXProject;
			attributes = {
				LastSwiftUpdateCheck = 1230;
				LastUpgradeCheck = 1230;
				TargetAttributes = {
					C539049A2592928200A7856B = {
						CreatedOnToolsVersion = 12.3;
					};
				};
			};
			buildConfigurationList = C53904962592928200A7856B /* Build configuration list for PBXProject "d63181fffacf7f55df742aa964ab9a35" */;
			compatibilityVersion = "Xcode 9.3";
			developmentRegion = en;
			hasScannedForEncodings = 0;
			knownRegions = (
				en,
				Base,
			);
			mainGroup = C53904922592928200A7856B;
			productRefGroup = C539049C2592928200A7856B /* Products */;
			projectDirPath = "";
			projectRoot = "";
			targets = (
				C539049A2592928200A7856B /* d63181fffacf7f55df742aa964ab9a35 */,
			);
		};
/* End PBXProject section */

/* Begin PBXResourcesBuildPhase section */
		C53904992592928200A7856B /* Resources */ = {
			isa = PBXResourcesBuildPhase;
			buildActionMask = 2147483647;
			files = (
				C53904AE2592928400A7856B /* LaunchScreen.storyboard in Resources */,
				C53904AB2592928400A7856B /* Assets.xcassets in Resources */,
			);
			runOnlyForDeploymentPostprocessing = 0;
		};
/* End PBXResourcesBuildPhase section */

/* Begin PBXSourcesBuildPhase section */
		C53904972592928200A7856B /* Sources */ = {
			isa = PBXSourcesBuildPhase;
			buildActionMask = 2147483647;
			files = (
				C53904A92592928200A7856B /* d63181fffacf7f55df742aa964ab9a35.xcdatamodeld in Sources */,
				C539049F2592928200A7856B /* AppDelegate.swift in Sources */,
				C53904A12592928200A7856B /* SceneDelegate.swift in Sources */,
			);
			runOnlyForDeploymentPostprocessing = 0;
		};
/* End PBXSourcesBuildPhase section */

/* Begin PBXVariantGroup section */
		C53904AC2592928400A7856B /* LaunchScreen.storyboard */ = {
			isa = PBXVariantGroup;
			children = (
				C53904AD2592928400A7856B /* Base */,
			);
			name = LaunchScreen.storyboard;
			sourceTree = "<group>";
		};
/* End PBXVariantGroup section */

/* Begin XCBuildConfiguration section */
		C53904B02592928400A7856B /* Debug */ = {
			isa = XCBuildConfiguration;
			buildSettings = {
				ALWAYS_SEARCH_USER_PATHS = NO;
				CLANG_ANALYZER_NONNULL = YES;
				CLANG_ANALYZER_NUMBER_OBJECT_CONVERSION = YES_AGGRESSIVE;
				CLANG_CXX_LANGUAGE_STANDARD = "gnu++14";
				CLANG_CXX_LIBRARY = "libc++";
				CLANG_ENABLE_MODULES = YES;
				CLANG_ENABLE_OBJC_ARC = YES;
				CLANG_ENABLE_OBJC_WEAK = YES;
				CLANG_WARN_BLOCK_CAPTURE_AUTORELEASING = YES;
				CLANG_WARN_BOOL_CONVERSION = YES;
				CLANG_WARN_COMMA = YES;
				CLANG_WARN_CONSTANT_CONVERSION = YES;
				CLANG_WARN_DEPRECATED_OBJC_IMPLEMENTATIONS = YES;
				CLANG_WARN_DIRECT_OBJC_ISA_USAGE = YES_ERROR;
				CLANG_WARN_DOCUMENTATION_COMMENTS = YES;
				CLANG_WARN_EMPTY_BODY = YES;
				CLANG_WARN_ENUM_CONVERSION = YES;
				CLANG_WARN_INFINITE_RECURSION = YES;
				CLANG_WARN_INT_CONVERSION = YES;
				CLANG_WARN_NON_LITERAL_NULL_CONVERSION = YES;
				CLANG_WARN_OBJC_IMPLICIT_RETAIN_SELF = YES;
				CLANG_WARN_OBJC_LITERAL_CONVERSION = YES;
				CLANG_WARN_OBJC_ROOT_CLASS = YES_ERROR;
				CLANG_WARN_QUOTED_INCLUDE_IN_FRAMEWORK_HEADER = YES;
				CLANG_WARN_RANGE_LOOP_ANALYSIS = YES;
				CLANG_WARN_STRICT_PROTOTYPES = YES;
				CLANG_WARN_SUSPICIOUS_MOVE = YES;
				CLANG_WARN_UNGUARDED_AVAILABILITY = YES_AGGRESSIVE;
				CLANG_WARN_UNREACHABLE_CODE = YES;
				CLANG_WARN__DUPLICATE_METHOD_MATCH = YES;
				COPY_PHASE_STRIP = NO;
				DEBUG_INFORMATION_FORMAT = dwarf;
				ENABLE_STRICT_OBJC_MSGSEND = YES;
				ENABLE_TESTABILITY = YES;
				GCC_C_LANGUAGE_STANDARD = gnu11;
				GCC_DYNAMIC_NO_PIC = NO;
				GCC_NO_COMMON_BLOCKS = YES;
				GCC_OPTIMIZATION_LEVEL = 0;
				GCC_PREPROCESSOR_DEFINITIONS = (
					"DEBUG=1",
					"$(inherited)",
				);
				GCC_WARN_64_TO_32_BIT_CONVERSION = YES;
				GCC_WARN_ABOUT_RETURN_TYPE = YES_ERROR;
				GCC_WARN_UNDECLARED_SELECTOR = YES;
				GCC_WARN_UNINITIALIZED_AUTOS = YES_AGGRESSIVE;
				GCC_WARN_UNUSED_FUNCTION = YES;
				GCC_WARN_UNUSED_VARIABLE = YES;
				IPHONEOS_DEPLOYMENT_TARGET = 14.3;
				MTL_ENABLE_DEBUG_INFO = INCLUDE_SOURCE;
				MTL_FAST_MATH = YES;
				ONLY_ACTIVE_ARCH = YES;
				SDKROOT = iphoneos;
				SWIFT_ACTIVE_COMPILATION_CONDITIONS = DEBUG;
				SWIFT_OPTIMIZATION_LEVEL = "-Onone";
			};
			name = Debug;
		};
		C53904B12592928400A7856B /* Release */ = {
			isa = XCBuildConfiguration;
			buildSettings = {
				ALWAYS_SEARCH_USER_PATHS = NO;
				CLANG_ANALYZER_NONNULL = YES;
				CLANG_ANALYZER_NUMBER_OBJECT_CONVERSION = YES_AGGRESSIVE;
				CLANG_CXX_LANGUAGE_STANDARD = "gnu++14";
				CLANG_CXX_LIBRARY = "libc++";
				CLANG_ENABLE_MODULES = YES;
				CLANG_ENABLE_OBJC_ARC = YES;
				CLANG_ENABLE_OBJC_WEAK = YES;
				CLANG_WARN_BLOCK_CAPTURE_AUTORELEASING = YES;
				CLANG_WARN_BOOL_CONVERSION = YES;
				CLANG_WARN_COMMA = YES;
				CLANG_WARN_CONSTANT_CONVERSION = YES;
				CLANG_WARN_DEPRECATED_OBJC_IMPLEMENTATIONS = YES;
				CLANG_WARN_DIRECT_OBJC_ISA_USAGE = YES_ERROR;
				CLANG_WARN_DOCUMENTATION_COMMENTS = YES;
				CLANG_WARN_EMPTY_BODY = YES;
				CLANG_WARN_ENUM_CONVERSION = YES;
				CLANG_WARN_INFINITE_RECURSION = YES;
				CLANG_WARN_INT_CONVERSION = YES;
				CLANG_WARN_NON_LITERAL_NULL_CONVERSION = YES;
				CLANG_WARN_OBJC_IMPLICIT_RETAIN_SELF = YES;
				CLANG_WARN_OBJC_LITERAL_CONVERSION = YES;
				CLANG_WARN_OBJC_ROOT_CLASS = YES_ERROR;
				CLANG_WARN_QUOTED_INCLUDE_IN_FRAMEWORK_HEADER = YES;
				CLANG_WARN_RANGE_LOOP_ANALYSIS = YES;
				CLANG_WARN_STRICT_PROTOTYPES = YES;
				CLANG_WARN_SUSPICIOUS_MOVE = YES;
				CLANG_WARN_UNGUARDED_AVAILABILITY = YES_AGGRESSIVE;
				CLANG_WARN_UNREACHABLE_CODE = YES;
				CLANG_WARN__DUPLICATE_METHOD_MATCH = YES;
				COPY_PHASE_STRIP = NO;
				DEBUG_INFORMATION_FORMAT = "dwarf-with-dsym";
				ENABLE_NS_ASSERTIONS = NO;
				ENABLE_STRICT_OBJC_MSGSEND = YES;
				GCC_C_LANGUAGE_STANDARD = gnu11;
				GCC_NO_COMMON_BLOCKS = YES;
				GCC_WARN_64_TO_32_BIT_CONVERSION = YES;
				GCC_WARN_ABOUT_RETURN_TYPE = YES_ERROR;
				GCC_WARN_UNDECLARED_SELECTOR = YES;
				GCC_WARN_UNINITIALIZED_AUTOS = YES_AGGRESSIVE;
				GCC_WARN_UNUSED_FUNCTION = YES;
				GCC_WARN_UNUSED_VARIABLE = YES;
				IPHONEOS_DEPLOYMENT_TARGET = 14.3;
				MTL_ENABLE_DEBUG_INFO = NO;
				MTL_FAST_MATH = YES;
				SDKROOT = iphoneos;
				SWIFT_COMPILATION_MODE = wholemodule;
				SWIFT_OPTIMIZATION_LEVEL = "-O";
				VALIDATE_PRODUCT = YES;
			};
			name = Release;
		};
		C53904B32592928400A7856B /* Debug */ = {
			isa = XCBuildConfiguration;
			buildSettings = {
				ASSETCATALOG_COMPILER_APPICON_NAME = AppIcon;
				ASSETCATALOG_COMPILER_GLOBAL_ACCENT_COLOR_NAME = AccentColor;
				CODE_SIGN_STYLE = Automatic;
				DEVELOPMENT_TEAM = 2868AYDQ6B;
				INFOPLIST_FILE = d63181fffacf7f55df742aa964ab9a35/Resources/Info.plist;
				IPHONEOS_DEPLOYMENT_TARGET = 10.0;
				LD_RUNPATH_SEARCH_PATHS = (
					"$(inherited)",
					"@executable_path/Frameworks",
				);
				PRODUCT_BUNDLE_IDENTIFIER = com.d63181fffacf7f55df742aa964ab9a35;
				PRODUCT_NAME = "$(TARGET_NAME)";
				SWIFT_VERSION = 5.0;
				TARGETED_DEVICE_FAMILY = 1;
			};
			name = Debug;
		};
		C53904B42592928400A7856B /* Release */ = {
			isa = XCBuildConfiguration;
			buildSettings = {
				ASSETCATALOG_COMPILER_APPICON_NAME = AppIcon;
				ASSETCATALOG_COMPILER_GLOBAL_ACCENT_COLOR_NAME = AccentColor;
				CODE_SIGN_STYLE = Automatic;
				DEVELOPMENT_TEAM = 2868AYDQ6B;
				INFOPLIST_FILE = d63181fffacf7f55df742aa964ab9a35/Resources/Info.plist;
				IPHONEOS_DEPLOYMENT_TARGET = 10.0;
				LD_RUNPATH_SEARCH_PATHS = (
					"$(inherited)",
					"@executable_path/Frameworks",
				);
				PRODUCT_BUNDLE_IDENTIFIER = com.d63181fffacf7f55df742aa964ab9a35;
				PRODUCT_NAME = "$(TARGET_NAME)";
				SWIFT_VERSION = 5.0;
				TARGETED_DEVICE_FAMILY = 1;
			};
			name = Release;
		};
/* End XCBuildConfiguration section */

/* Begin XCConfigurationList section */
		C53904962592928200A7856B /* Build configuration list for PBXProject "d63181fffacf7f55df742aa964ab9a35" */ = {
			isa = XCConfigurationList;
			buildConfigurations = (
				C53904B02592928400A7856B /* Debug */,
				C53904B12592928400A7856B /* Release */,
			);
			defaultConfigurationIsVisible = 0;
			defaultConfigurationName = Release;
		};
		C53904B22592928400A7856B /* Build configuration list for PBXNativeTarget "d63181fffacf7f55df742aa964ab9a35" */ = {
			isa = XCConfigurationList;
			buildConfigurations = (
				C53904B32592928400A7856B /* Debug */,
				C53904B42592928400A7856B /* Release */,
			);
			defaultConfigurationIsVisible = 0;
			defaultConfigurationName = Release;
		};
/* End XCConfigurationList section */

/* Begin XCVersionGroup section */
		C53904A72592928200A7856B /* d63181fffacf7f55df742aa964ab9a35.xcdatamodeld */ = {
			isa = XCVersionGroup;
			children = (
				C53904A82592928200A7856B /* d63181fffacf7f55df742aa964ab9a35.xcdatamodel */,
			);
			currentVersion = C53904A82592928200A7856B /* d63181fffacf7f55df742aa964ab9a35.xcdatamodel */;
			path = d63181fffacf7f55df742aa964ab9a35.xcdatamodeld;
			sourceTree = "<group>";
			versionGroupType = wrapper.xcdatamodel;
		};
/* End XCVersionGroup section */
	};
	rootObject = C53904932592928200A7856B /* Project object */;
}
